
Microsoft Visual Studio Solution File, Format Version 12.00
# Visual Studio Version 17
VisualStudioVersion = 17.13.35825.156
MinimumVisualStudioVersion = 10.0.40219.1
Project("{FAE04EC0-301F-11D3-BF4B-00C04F79EFBC}") = "Database_project", "Database_project\Database_project.csproj", "{040C356F-5A35-462B-A915-FB091B9405CD}"
EndProject
Project("{FAE04EC0-301F-11D3-BF4B-00C04F79EFBC}") = "Mysql_project", "Mysql_project\Mysql_project.csproj", "{A7E0B0A0-0D21-4184-A192-8AC39F59AE81}"
EndProject
Global
	GlobalSection(SolutionConfigurationPlatforms) = preSolution
		Debug|Any CPU = Debug|Any CPU
		Release|Any CPU = Release|Any CPU
	EndGlobalSection
	GlobalSection(ProjectConfigurationPlatforms) = postSolution
		{040C356F-5A35-462B-A915-FB091B9405CD}.Debug|Any CPU.ActiveCfg = Debug|Any CPU
		{040C356F-5A35-462B-A915-FB091B9405CD}.Debug|Any CPU.Build.0 = Debug|Any CPU
		{040C356F-5A35-462B-A915-FB091B9405CD}.Release|Any CPU.ActiveCfg = Release|Any CPU
		{040C356F-5A35-462B-A915-FB091B9405CD}.Release|Any CPU.Build.0 = Release|Any CPU
		{A7E0B0A0-0D21-4184-A192-8AC39F59AE81}.Debug|Any CPU.ActiveCfg = Debug|Any CPU
		{A7E0B0A0-0D21-4184-A192-8AC39F59AE81}.Debug|Any CPU.Build.0 = Debug|Any CPU
		{A7E0B0A0-0D21-4184-A192-8AC39F59AE81}.Release|Any CPU.ActiveCfg = Release|Any CPU
		{A7E0B0A0-0D21-4184-A192-8AC39F59AE81}.Release|Any CPU.Build.0 = Release|Any CPU
	EndGlobalSection
	GlobalSection(SolutionProperties) = preSolution
		HideSolutionNode = FALSE
	EndGlobalSection
	GlobalSection(ExtensibilityGlobals) = postSolution
		SolutionGuid = {306AD8D9-3419-4733-913D-67B480E58FEF}
	EndGlobalSection
EndGlobal
